
Microsoft Visual Studio Solution File, Format Version 12.00
# Visual Studio 2012
Project("{FAE04EC0-301F-11D3-BF4B-00C04F79EFBC}") = "Calc", "Calc\Calc.csproj", "{3667E37B-7A11-4243-BE04-45F059EC7D60}"
EndProject
Global
	GlobalSection(SolutionConfigurationPlatforms) = preSolution
		Debug|Any CPU = Debug|Any CPU
		Release|Any CPU = Release|Any CPU
	EndGlobalSection
	GlobalSection(ProjectConfigurationPlatforms) = postSolution
		{3667E37B-7A11-4243-BE04-45F059EC7D60}.Debug|Any CPU.ActiveCfg = Debug|Any CPU
		{3667E37B-7A11-4243-BE04-45F059EC7D60}.Debug|Any CPU.Build.0 = Debug|Any CPU
		{3667E37B-7A11-4243-BE04-45F059EC7D60}.Release|Any CPU.ActiveCfg = Release|Any CPU
		{3667E37B-7A11-4243-BE04-45F059EC7D60}.Release|Any CPU.Build.0 = Release|Any CPU
	EndGlobalSection
	GlobalSection(SolutionProperties) = preSolution
		HideSolutionNode = FALSE
	EndGlobalSection
EndGlobal
